
Microsoft Visual Studio Solution File, Format Version 12.00
# Visual Studio Version 17
VisualStudioVersion = 17.6.33801.468
MinimumVisualStudioVersion = 10.0.40219.1
Project("{FAE04EC0-301F-11D3-BF4B-00C04F79EFBC}") = "PracticaFinalFranciscoGuerra", "PracticaFinalFranciscoGuerra\PracticaFinalFranciscoGuerra.csproj", "{ED32ADEA-B8C0-4833-9AD3-26BFA53B736C}"
EndProject
Global
	GlobalSection(SolutionConfigurationPlatforms) = preSolution
		Debug|Any CPU = Debug|Any CPU
		Release|Any CPU = Release|Any CPU
	EndGlobalSection
	GlobalSection(ProjectConfigurationPlatforms) = postSolution
		{ED32ADEA-B8C0-4833-9AD3-26BFA53B736C}.Debug|Any CPU.ActiveCfg = Debug|Any CPU
		{ED32ADEA-B8C0-4833-9AD3-26BFA53B736C}.Debug|Any CPU.Build.0 = Debug|Any CPU
		{ED32ADEA-B8C0-4833-9AD3-26BFA53B736C}.Release|Any CPU.ActiveCfg = Release|Any CPU
		{ED32ADEA-B8C0-4833-9AD3-26BFA53B736C}.Release|Any CPU.Build.0 = Release|Any CPU
	EndGlobalSection
	GlobalSection(SolutionProperties) = preSolution
		HideSolutionNode = FALSE
	EndGlobalSection
	GlobalSection(ExtensibilityGlobals) = postSolution
		SolutionGuid = {55365CE9-13DA-465A-8797-7B0FEDB8BC59}
	EndGlobalSection
EndGlobal
